// !$*UTF8*$!
{
	archiveVersion = 1;
	classes = {
	};
	objectVersion = 77;
	objects = {

/* Begin PBXBuildFile section */
		592F2C5E2F0508FE00802BB7 /* ComposableArchitecture in Frameworks */ = {isa = PBXBuildFile; productRef = 592F2C5D2F0508FE00802BB7 /* ComposableArchitecture */; };
		592F345C2F0E1F1700802BB7 /* NMapsMap in Frameworks */ = {isa = PBXBuildFile; productRef = 592F345B2F0E1F1700802BB7 /* NMapsMap */; };
		597033582F2482E1000B8194 /* KakaoSDKAuth in Frameworks */ = {isa = PBXBuildFile; productRef = 597033572F2482E1000B8194 /* KakaoSDKAuth */; };
		5970335A2F2482E1000B8194 /* KakaoSDKCert in Frameworks */ = {isa = PBXBuildFile; productRef = 597033592F2482E1000B8194 /* KakaoSDKCert */; };
		5970335C2F2482E1000B8194 /* KakaoSDKCertCore in Frameworks */ = {isa = PBXBuildFile; productRef = 5970335B2F2482E1000B8194 /* KakaoSDKCertCore */; };
		5970335E2F2482E1000B8194 /* KakaoSDKCommon in Frameworks */ = {isa = PBXBuildFile; productRef = 5970335D2F2482E1000B8194 /* KakaoSDKCommon */; };
		597033602F2482E1000B8194 /* KakaoSDKUser in Frameworks */ = {isa = PBXBuildFile; productRef = 5970335F2F2482E1000B8194 /* KakaoSDKUser */; };
		598D191E2F72BABF002662DF /* NekiShareExtension.appex in Embed Foundation Extensions */ = {isa = PBXBuildFile; fileRef = 59235C4F2F64245A00198051 /* NekiShareExtension.appex */; settings = {ATTRIBUTES = (RemoveHeadersOnCopy, ); }; };
		59D1D21B2F168EE800F50EB5 /* Kingfisher in Frameworks */ = {isa = PBXBuildFile; productRef = 59D1D21A2F168EE800F50EB5 /* Kingfisher */; };
		6C0C1ACB2F6FD2E30037F650 /* FirebaseAnalytics in Frameworks */ = {isa = PBXBuildFile; productRef = 6C0C1ACA2F6FD2E30037F650 /* FirebaseAnalytics */; };
		6C0C1ACD2F6FD2E30037F650 /* FirebaseCrashlytics in Frameworks */ = {isa = PBXBuildFile; productRef = 6C0C1ACC2F6FD2E30037F650 /* FirebaseCrashlytics */; };
		6C0C1ACF2F6FD2E30037F650 /* FirebaseInstallations in Frameworks */ = {isa = PBXBuildFile; productRef = 6C0C1ACE2F6FD2E30037F650 /* FirebaseInstallations */; };
		6C0C1AD12F6FD2E30037F650 /* FirebaseMessaging in Frameworks */ = {isa = PBXBuildFile; productRef = 6C0C1AD02F6FD2E30037F650 /* FirebaseMessaging */; };
		6C4D99E52F365E1700E93BF0 /* Lottie in Frameworks */ = {isa = PBXBuildFile; productRef = 6C4D99E42F365E1700E93BF0 /* Lottie */; };
		6CA30401301A000100000001 /* FacebookCore in Frameworks */ = {isa = PBXBuildFile; productRef = 6CA30403301A000100000001 /* FacebookCore */; };
		6CA30901301B000100000001 /* AmplitudeSwift in Frameworks */ = {isa = PBXBuildFile; productRef = 6CA30903301B000100000001 /* AmplitudeSwift */; };
/* End PBXBuildFile section */

/* Begin PBXContainerItemProxy section */
		59235C572F64245A00198051 /* PBXContainerItemProxy */ = {
			isa = PBXContainerItemProxy;
			containerPortal = 6C4998D52EF7EF62006BE1DB /* Project object */;
			proxyType = 1;
			remoteGlobalIDString = 59235C4E2F64245A00198051;
			remoteInfo = NekiShareExtension;
		};
		598D191F2F72BABF002662DF /* PBXContainerItemProxy */ = {
			isa = PBXContainerItemProxy;
			containerPortal = 6C4998D52EF7EF62006BE1DB /* Project object */;
			proxyType = 1;
			remoteGlobalIDString = 59235C4E2F64245A00198051;
			remoteInfo = NekiShareExtension;
		};
		6C3B4B802F65C44C008449C1 /* PBXContainerItemProxy */ = {
			isa = PBXContainerItemProxy;
			containerPortal = 6C4998D52EF7EF62006BE1DB /* Project object */;
			proxyType = 1;
			remoteGlobalIDString = 6C4998DC2EF7EF62006BE1DB;
			remoteInfo = "Neki-iOS";
		};
/* End PBXContainerItemProxy section */

/* Begin PBXCopyFilesBuildPhase section */
		598D19212F72BABF002662DF /* Embed Foundation Extensions */ = {
			isa = PBXCopyFilesBuildPhase;
			buildActionMask = 2147483647;
			dstPath = "";
			dstSubfolderSpec = 13;
			files = (
				598D191E2F72BABF002662DF /* NekiShareExtension.appex in Embed Foundation Extensions */,
			);
			name = "Embed Foundation Extensions";
			runOnlyForDeploymentPostprocessing = 0;
		};
/* End PBXCopyFilesBuildPhase section */

/* Begin PBXFileReference section */
		59235C4F2F64245A00198051 /* NekiShareExtension.appex */ = {isa = PBXFileReference; explicitFileType = "wrapper.app-extension"; includeInIndex = 0; path = NekiShareExtension.appex; sourceTree = BUILT_PRODUCTS_DIR; };
		6C3B4B7C2F65C44C008449C1 /* Neki-iOSTests.xctest */ = {isa = PBXFileReference; explicitFileType = wrapper.cfbundle; includeInIndex = 0; path = "Neki-iOSTests.xctest"; sourceTree = BUILT_PRODUCTS_DIR; };
		6C4998DD2EF7EF62006BE1DB /* Neki-iOS.app */ = {isa = PBXFileReference; explicitFileType = wrapper.application; includeInIndex = 0; path = "Neki-iOS.app"; sourceTree = BUILT_PRODUCTS_DIR; };
/* End PBXFileReference section */

/* Begin PBXFileSystemSynchronizedBuildFileExceptionSet section */
		59235C5E2F64245A00198051 /* Exceptions for "NekiShareExtension" folder in "NekiShareExtension" target */ = {
			isa = PBXFileSystemSynchronizedBuildFileExceptionSet;
			membershipExceptions = (
				Resources/Info.plist,
			);
			target = 59235C4E2F64245A00198051 /* NekiShareExtension */;
		};
		6C45F2B92F65ECE900A6ABBB /* Exceptions for "Neki-iOS" folder in "Neki-iOSTests" target */ = {
			isa = PBXFileSystemSynchronizedBuildFileExceptionSet;
			membershipExceptions = (
				Core/Sources/ImageTransform/Data/MLModel/whiteboxcartoonization.mlmodel,
			);
			target = 6C3B4B7B2F65C44C008449C1 /* Neki-iOSTests */;
		};
		6C499D3A2F05594E006BE1DB /* Exceptions for "Neki-iOS" folder in "Neki-iOS" target */ = {
			isa = PBXFileSystemSynchronizedBuildFileExceptionSet;
			membershipExceptions = (
				"APP/Sources/Resources/FirebaseConfig/Debug/GoogleService-Info.plist",
				"APP/Sources/Resources/FirebaseConfig/Release/GoogleService-Info.plist",
				Info.plist,
			);
			target = 6C4998DC2EF7EF62006BE1DB /* Neki-iOS */;
		};
/* End PBXFileSystemSynchronizedBuildFileExceptionSet section */

/* Begin PBXFileSystemSynchronizedRootGroup section */
		59235C502F64245A00198051 /* NekiShareExtension */ = {
			isa = PBXFileSystemSynchronizedRootGroup;
			exceptions = (
				59235C5E2F64245A00198051 /* Exceptions for "NekiShareExtension" folder in "NekiShareExtension" target */,
			);
			path = NekiShareExtension;
			sourceTree = "<group>";
		};
		596F67AD2F714EAB0071F0B7 /* Neki-iOSTests */ = {
			isa = PBXFileSystemSynchronizedRootGroup;
			path = "Neki-iOSTests";
			sourceTree = "<group>";
		};
		6C4998DF2EF7EF62006BE1DB /* Neki-iOS */ = {
			isa = PBXFileSystemSynchronizedRootGroup;
			exceptions = (
				6C499D3A2F05594E006BE1DB /* Exceptions for "Neki-iOS" folder in "Neki-iOS" target */,
				6C45F2B92F65ECE900A6ABBB /* Exceptions for "Neki-iOS" folder in "Neki-iOSTests" target */,
			);
			path = "Neki-iOS";
			sourceTree = "<group>";
		};
/* End PBXFileSystemSynchronizedRootGroup section */

/* Begin PBXFrameworksBuildPhase section */
		59235C4C2F64245A00198051 /* Frameworks */ = {
			isa = PBXFrameworksBuildPhase;
			buildActionMask = 2147483647;
			files = (
			);
			runOnlyForDeploymentPostprocessing = 0;
		};
		6C3B4B792F65C44C008449C1 /* Frameworks */ = {
			isa = PBXFrameworksBuildPhase;
			buildActionMask = 2147483647;
			files = (
			);
			runOnlyForDeploymentPostprocessing = 0;
		};
		6C4998DA2EF7EF62006BE1DB /* Frameworks */ = {
			isa = PBXFrameworksBuildPhase;
			buildActionMask = 2147483647;
			files = (
				59D1D21B2F168EE800F50EB5 /* Kingfisher in Frameworks */,
				5970335E2F2482E1000B8194 /* KakaoSDKCommon in Frameworks */,
				6C4D99E52F365E1700E93BF0 /* Lottie in Frameworks */,
				6C0C1ACF2F6FD2E30037F650 /* FirebaseInstallations in Frameworks */,
				592F2C5E2F0508FE00802BB7 /* ComposableArchitecture in Frameworks */,
				5970335C2F2482E1000B8194 /* KakaoSDKCertCore in Frameworks */,
				6C0C1ACD2F6FD2E30037F650 /* FirebaseCrashlytics in Frameworks */,
				6C0C1AD12F6FD2E30037F650 /* FirebaseMessaging in Frameworks */,
				6CA30401301A000100000001 /* FacebookCore in Frameworks */,
				6CA30901301B000100000001 /* AmplitudeSwift in Frameworks */,
				597033602F2482E1000B8194 /* KakaoSDKUser in Frameworks */,
				592F345C2F0E1F1700802BB7 /* NMapsMap in Frameworks */,
				597033582F2482E1000B8194 /* KakaoSDKAuth in Frameworks */,
				6C0C1ACB2F6FD2E30037F650 /* FirebaseAnalytics in Frameworks */,
				5970335A2F2482E1000B8194 /* KakaoSDKCert in Frameworks */,
			);
			runOnlyForDeploymentPostprocessing = 0;
		};
/* End PBXFrameworksBuildPhase section */

/* Begin PBXGroup section */
		598D191D2F72BABF002662DF /* Frameworks */ = {
			isa = PBXGroup;
			children = (
			);
			name = Frameworks;
			sourceTree = "<group>";
		};
		6C4998D42EF7EF62006BE1DB = {
			isa = PBXGroup;
			children = (
				6C4998DF2EF7EF62006BE1DB /* Neki-iOS */,
				59235C502F64245A00198051 /* NekiShareExtension */,
				6C4998DE2EF7EF62006BE1DB /* Products */,
				596F67AD2F714EAB0071F0B7 /* Neki-iOSTests */,
				598D191D2F72BABF002662DF /* Frameworks */,
			);
			sourceTree = "<group>";
		};
		6C4998DE2EF7EF62006BE1DB /* Products */ = {
			isa = PBXGroup;
			children = (
				6C4998DD2EF7EF62006BE1DB /* Neki-iOS.app */,
				6C3B4B7C2F65C44C008449C1 /* Neki-iOSTests.xctest */,
				59235C4F2F64245A00198051 /* NekiShareExtension.appex */,
			);
			name = Products;
			sourceTree = "<group>";
		};
/* End PBXGroup section */

/* Begin PBXNativeTarget section */
		59235C4E2F64245A00198051 /* NekiShareExtension */ = {
			isa = PBXNativeTarget;
			buildConfigurationList = 59235C5D2F64245A00198051 /* Build configuration list for PBXNativeTarget "NekiShareExtension" */;
			buildPhases = (
				59235C4B2F64245A00198051 /* Sources */,
				59235C4C2F64245A00198051 /* Frameworks */,
				59235C4D2F64245A00198051 /* Resources */,
			);
			buildRules = (
			);
			dependencies = (
			);
			fileSystemSynchronizedGroups = (
				59235C502F64245A00198051 /* NekiShareExtension */,
			);
			name = NekiShareExtension;
			packageProductDependencies = (
			);
			productName = NekiShareExtension;
			productReference = 59235C4F2F64245A00198051 /* NekiShareExtension.appex */;
			productType = "com.apple.product-type.app-extension";
		};
		6C3B4B7B2F65C44C008449C1 /* Neki-iOSTests */ = {
			isa = PBXNativeTarget;
			buildConfigurationList = 6C3B4B842F65C44C008449C1 /* Build configuration list for PBXNativeTarget "Neki-iOSTests" */;
			buildPhases = (
				6C3B4B782F65C44C008449C1 /* Sources */,
				6C3B4B792F65C44C008449C1 /* Frameworks */,
				6C3B4B7A2F65C44C008449C1 /* Resources */,
			);
			buildRules = (
			);
			dependencies = (
				6C3B4B812F65C44C008449C1 /* PBXTargetDependency */,
			);
			fileSystemSynchronizedGroups = (
				596F67AD2F714EAB0071F0B7 /* Neki-iOSTests */,
			);
			name = "Neki-iOSTests";
			packageProductDependencies = (
			);
			productName = "Neki-iOSTests";
			productReference = 6C3B4B7C2F65C44C008449C1 /* Neki-iOSTests.xctest */;
			productType = "com.apple.product-type.bundle.unit-test";
		};
		6C4998DC2EF7EF62006BE1DB /* Neki-iOS */ = {
			isa = PBXNativeTarget;
			buildConfigurationList = 6C4998FE2EF7EF64006BE1DB /* Build configuration list for PBXNativeTarget "Neki-iOS" */;
			buildPhases = (
				6C4998D92EF7EF62006BE1DB /* Sources */,
				6C4998DA2EF7EF62006BE1DB /* Frameworks */,
				6C4998DB2EF7EF62006BE1DB /* Resources */,
				6C0C1AD92F6FD64B0037F650 /* Copy Firebase Plist */,
				598D19212F72BABF002662DF /* Embed Foundation Extensions */,
			);
			buildRules = (
			);
			dependencies = (
				59235C582F64245A00198051 /* PBXTargetDependency */,
				598D19202F72BABF002662DF /* PBXTargetDependency */,
			);
			fileSystemSynchronizedGroups = (
				6C4998DF2EF7EF62006BE1DB /* Neki-iOS */,
			);
			name = "Neki-iOS";
			packageProductDependencies = (
				592F2C5D2F0508FE00802BB7 /* ComposableArchitecture */,
				592F345B2F0E1F1700802BB7 /* NMapsMap */,
				59D1D21A2F168EE800F50EB5 /* Kingfisher */,
				597033572F2482E1000B8194 /* KakaoSDKAuth */,
				597033592F2482E1000B8194 /* KakaoSDKCert */,
				5970335B2F2482E1000B8194 /* KakaoSDKCertCore */,
				5970335D2F2482E1000B8194 /* KakaoSDKCommon */,
				5970335F2F2482E1000B8194 /* KakaoSDKUser */,
				6C4D99E42F365E1700E93BF0 /* Lottie */,
				6C0C1ACA2F6FD2E30037F650 /* FirebaseAnalytics */,
				6C0C1ACC2F6FD2E30037F650 /* FirebaseCrashlytics */,
				6C0C1ACE2F6FD2E30037F650 /* FirebaseInstallations */,
				6C0C1AD02F6FD2E30037F650 /* FirebaseMessaging */,
				6CA30403301A000100000001 /* FacebookCore */,
				6CA30903301B000100000001 /* AmplitudeSwift */,
			);
			productName = "Neki-iOS";
			productReference = 6C4998DD2EF7EF62006BE1DB /* Neki-iOS.app */;
			productType = "com.apple.product-type.application";
		};
/* End PBXNativeTarget section */

/* Begin PBXProject section */
		6C4998D52EF7EF62006BE1DB /* Project object */ = {
			isa = PBXProject;
			attributes = {
				BuildIndependentTargetsInParallel = 1;
				LastSwiftUpdateCheck = 2630;
				LastUpgradeCheck = 2620;
				TargetAttributes = {
					59235C4E2F64245A00198051 = {
						CreatedOnToolsVersion = 26.0.1;
					};
					6C3B4B7B2F65C44C008449C1 = {
						CreatedOnToolsVersion = 26.3;
						TestTargetID = 6C4998DC2EF7EF62006BE1DB;
					};
					6C4998DC2EF7EF62006BE1DB = {
						CreatedOnToolsVersion = 26.2;
					};
				};
			};
			buildConfigurationList = 6C4998D82EF7EF62006BE1DB /* Build configuration list for PBXProject "Neki-iOS" */;
			developmentRegion = en;
			hasScannedForEncodings = 0;
			knownRegions = (
				en,
				Base,
			);
			mainGroup = 6C4998D42EF7EF62006BE1DB;
			minimizedProjectReferenceProxies = 1;
			packageReferences = (
				592F2C5C2F0508FE00802BB7 /* XCRemoteSwiftPackageReference "swift-composable-architecture" */,
				592F345A2F0E1F1700802BB7 /* XCRemoteSwiftPackageReference "SPM-NMapsMap" */,
				59D1D2192F168EE800F50EB5 /* XCRemoteSwiftPackageReference "Kingfisher" */,
				597033562F2482E1000B8194 /* XCRemoteSwiftPackageReference "kakao-ios-sdk" */,
				6C4D99E32F365E1700E93BF0 /* XCRemoteSwiftPackageReference "lottie-ios" */,
				6C0C1AC92F6FD2E30037F650 /* XCRemoteSwiftPackageReference "firebase-ios-sdk" */,
				6CA30402301A000100000001 /* XCRemoteSwiftPackageReference "facebook-ios-sdk" */,
				6CA30902301B000100000001 /* XCRemoteSwiftPackageReference "Amplitude-Swift" */,
			);
			preferredProjectObjectVersion = 77;
			productRefGroup = 6C4998DE2EF7EF62006BE1DB /* Products */;
			projectDirPath = "";
			projectRoot = "";
			targets = (
				6C4998DC2EF7EF62006BE1DB /* Neki-iOS */,
				6C3B4B7B2F65C44C008449C1 /* Neki-iOSTests */,
				59235C4E2F64245A00198051 /* NekiShareExtension */,
			);
		};
/* End PBXProject section */

/* Begin PBXResourcesBuildPhase section */
		59235C4D2F64245A00198051 /* Resources */ = {
			isa = PBXResourcesBuildPhase;
			buildActionMask = 2147483647;
			files = (
			);
			runOnlyForDeploymentPostprocessing = 0;
		};
		6C3B4B7A2F65C44C008449C1 /* Resources */ = {
			isa = PBXResourcesBuildPhase;
			buildActionMask = 2147483647;
			files = (
			);
			runOnlyForDeploymentPostprocessing = 0;
		};
		6C4998DB2EF7EF62006BE1DB /* Resources */ = {
			isa = PBXResourcesBuildPhase;
			buildActionMask = 2147483647;
			files = (
			);
			runOnlyForDeploymentPostprocessing = 0;
		};
/* End PBXResourcesBuildPhase section */

/* Begin PBXShellScriptBuildPhase section */
		6C0C1AD92F6FD64B0037F650 /* Copy Firebase Plist */ = {
			isa = PBXShellScriptBuildPhase;
			buildActionMask = 2147483647;
			files = (
			);
			inputFileListPaths = (
			);
			inputPaths = (
				"$(SRCROOT)/Neki-iOS/APP/Sources/Resources/FirebaseConfig/Debug/GoogleService-Info.plist",
				"$(SRCROOT)/Neki-iOS/APP/Sources/Resources/FirebaseConfig/Release/GoogleService-Info.plist",
			);
			name = "Copy Firebase Plist";
			outputFileListPaths = (
			);
			outputPaths = (
				"$(TARGET_BUILD_DIR)/$(UNLOCALIZED_RESOURCES_FOLDER_PATH)/GoogleService-Info.plist",
			);
			runOnlyForDeploymentPostprocessing = 0;
			shellPath = /bin/sh;
			shellScript = "set -eu\n\ncase \"${CONFIGURATION}\" in\n  Debug|Staging)\n    FIREBASE_ENVIRONMENT=\"Debug\"\n    ;;\n  Release)\n    FIREBASE_ENVIRONMENT=\"Release\"\n    ;;\n  *)\n    echo \"error: Unsupported Firebase configuration: ${CONFIGURATION}\"\n    exit 1\n    ;;\nesac\n\nSOURCE_PLIST=\"${SRCROOT}/Neki-iOS/APP/Sources/Resources/FirebaseConfig/${FIREBASE_ENVIRONMENT}/GoogleService-Info.plist\"\nDESTINATION_PLIST=\"${TARGET_BUILD_DIR}/${UNLOCALIZED_RESOURCES_FOLDER_PATH}/GoogleService-Info.plist\"\n\nif [ ! -f \"${SOURCE_PLIST}\" ]; then\n  echo \"error: Firebase plist not found: ${SOURCE_PLIST}\"\n  exit 1\nfi\n\necho \"Copying ${FIREBASE_ENVIRONMENT} Firebase plist for ${CONFIGURATION}...\"\n/bin/cp \"${SOURCE_PLIST}\" \"${DESTINATION_PLIST}\"\n";
		};
/* End PBXShellScriptBuildPhase section */

/* Begin PBXSourcesBuildPhase section */
		59235C4B2F64245A00198051 /* Sources */ = {
			isa = PBXSourcesBuildPhase;
			buildActionMask = 2147483647;
			files = (
			);
			runOnlyForDeploymentPostprocessing = 0;
		};
		6C3B4B782F65C44C008449C1 /* Sources */ = {
			isa = PBXSourcesBuildPhase;
			buildActionMask = 2147483647;
			files = (
			);
			runOnlyForDeploymentPostprocessing = 0;
		};
		6C4998D92EF7EF62006BE1DB /* Sources */ = {
			isa = PBXSourcesBuildPhase;
			buildActionMask = 2147483647;
			files = (
			);
			runOnlyForDeploymentPostprocessing = 0;
		};
/* End PBXSourcesBuildPhase section */

/* Begin PBXTargetDependency section */
		59235C582F64245A00198051 /* PBXTargetDependency */ = {
			isa = PBXTargetDependency;
			target = 59235C4E2F64245A00198051 /* NekiShareExtension */;
			targetProxy = 59235C572F64245A00198051 /* PBXContainerItemProxy */;
		};
		598D19202F72BABF002662DF /* PBXTargetDependency */ = {
			isa = PBXTargetDependency;
			target = 59235C4E2F64245A00198051 /* NekiShareExtension */;
			targetProxy = 598D191F2F72BABF002662DF /* PBXContainerItemProxy */;
		};
		6C3B4B812F65C44C008449C1 /* PBXTargetDependency */ = {
			isa = PBXTargetDependency;
			target = 6C4998DC2EF7EF62006BE1DB /* Neki-iOS */;
			targetProxy = 6C3B4B802F65C44C008449C1 /* PBXContainerItemProxy */;
		};
/* End PBXTargetDependency section */

/* Begin XCBuildConfiguration section */
		59235C5B2F64245A00198051 /* Debug */ = {
			isa = XCBuildConfiguration;
			buildSettings = {
				CODE_SIGN_ENTITLEMENTS = "NekiShareExtension/NekiShareExtension-Debug.entitlements";
				CODE_SIGN_IDENTITY = "Apple Development";
				"CODE_SIGN_IDENTITY[sdk=iphoneos*]" = "iPhone Developer";
				CODE_SIGN_STYLE = Manual;
				CURRENT_PROJECT_VERSION = 1;
				DEVELOPMENT_TEAM = "";
				"DEVELOPMENT_TEAM[sdk=iphoneos*]" = P85DW78LYM;
				GENERATE_INFOPLIST_FILE = YES;
				INFOPLIST_FILE = NekiShareExtension/Resources/Info.plist;
				INFOPLIST_KEY_CFBundleDisplayName = NekiShareExtension;
				INFOPLIST_KEY_NEKI_APP_GROUP_ID = "group.com.OneTen.Neki-iOS-dev";
				INFOPLIST_KEY_NEKI_URL_SCHEME = "neki-dev";
				INFOPLIST_KEY_NSHumanReadableCopyright = "";
				IPHONEOS_DEPLOYMENT_TARGET = 17.6;
				LD_RUNPATH_SEARCH_PATHS = (
					"$(inherited)",
					"@executable_path/Frameworks",
					"@executable_path/../../Frameworks",
				);
				MARKETING_VERSION = 1.2.4;
				PRODUCT_BUNDLE_IDENTIFIER = "com.OneTen.Neki-iOS-dev.Share-Extension";
				PRODUCT_NAME = "$(TARGET_NAME)";
				PROVISIONING_PROFILE_SPECIFIER = "";
				"PROVISIONING_PROFILE_SPECIFIER[sdk=iphoneos*]" = neki_dev_share_development;
				SKIP_INSTALL = YES;
				STRING_CATALOG_GENERATE_SYMBOLS = YES;
				SUPPORTED_PLATFORMS = "iphoneos iphonesimulator";
				SUPPORTS_MACCATALYST = NO;
				SUPPORTS_MAC_DESIGNED_FOR_IPHONE_IPAD = NO;
				SUPPORTS_XR_DESIGNED_FOR_IPHONE_IPAD = NO;
				SWIFT_APPROACHABLE_CONCURRENCY = YES;
				SWIFT_EMIT_LOC_STRINGS = YES;
				SWIFT_UPCOMING_FEATURE_MEMBER_IMPORT_VISIBILITY = YES;
				SWIFT_VERSION = 5.0;
				TARGETED_DEVICE_FAMILY = 1;
			};
			name = Debug;
		};
		59235C5C2F64245A00198051 /* Release */ = {
			isa = XCBuildConfiguration;
			buildSettings = {
				CODE_SIGN_ENTITLEMENTS = "NekiShareExtension/NekiShareExtension-Release.entitlements";
				CODE_SIGN_IDENTITY = "Apple Development";
				"CODE_SIGN_IDENTITY[sdk=iphoneos*]" = "iPhone Distribution";
				CODE_SIGN_STYLE = Manual;
				CURRENT_PROJECT_VERSION = 1;
				DEVELOPMENT_TEAM = "";
				"DEVELOPMENT_TEAM[sdk=iphoneos*]" = P85DW78LYM;
				GENERATE_INFOPLIST_FILE = YES;
				INFOPLIST_FILE = NekiShareExtension/Resources/Info.plist;
				INFOPLIST_KEY_CFBundleDisplayName = NekiShareExtension;
				INFOPLIST_KEY_NEKI_APP_GROUP_ID = "group.com.OneTen.Neki-iOS";
				INFOPLIST_KEY_NEKI_URL_SCHEME = neki;
				INFOPLIST_KEY_NSHumanReadableCopyright = "";
				IPHONEOS_DEPLOYMENT_TARGET = 17.6;
				LD_RUNPATH_SEARCH_PATHS = (
					"$(inherited)",
					"@executable_path/Frameworks",
					"@executable_path/../../Frameworks",
				);
				MARKETING_VERSION = 1.2.4;
				PRODUCT_BUNDLE_IDENTIFIER = "com.OneTen.Neki-iOS.Share-Extension";
				PRODUCT_NAME = "$(TARGET_NAME)";
				PROVISIONING_PROFILE_SPECIFIER = "";
				"PROVISIONING_PROFILE_SPECIFIER[sdk=iphoneos*]" = neki_release_share_distribution;
				SKIP_INSTALL = YES;
				STRING_CATALOG_GENERATE_SYMBOLS = YES;
				SWIFT_EMIT_LOC_STRINGS = NO;
				SWIFT_UPCOMING_FEATURE_MEMBER_IMPORT_VISIBILITY = YES;
				SWIFT_VERSION = 5.0;
				TARGETED_DEVICE_FAMILY = 1;
			};
			name = Release;
		};
		599234E0300DFA7C00C15771 /* Staging */ = {
			isa = XCBuildConfiguration;
			baseConfigurationReferenceAnchor = 6C4998DF2EF7EF62006BE1DB /* Neki-iOS */;
			baseConfigurationReferenceRelativePath = APP/Sources/Resources/Debug.xcconfig;
			buildSettings = {
				ALWAYS_SEARCH_USER_PATHS = NO;
				ASSETCATALOG_COMPILER_GENERATE_SWIFT_ASSET_SYMBOL_EXTENSIONS = YES;
				CLANG_ANALYZER_NONNULL = YES;
				CLANG_ANALYZER_NUMBER_OBJECT_CONVERSION = YES_AGGRESSIVE;
				CLANG_CXX_LANGUAGE_STANDARD = "gnu++20";
				CLANG_ENABLE_MODULES = YES;
				CLANG_ENABLE_OBJC_ARC = YES;
				CLANG_ENABLE_OBJC_WEAK = YES;
				CLANG_WARN_BLOCK_CAPTURE_AUTORELEASING = YES;
				CLANG_WARN_BOOL_CONVERSION = YES;
				CLANG_WARN_COMMA = YES;
				CLANG_WARN_CONSTANT_CONVERSION = YES;
				CLANG_WARN_DEPRECATED_OBJC_IMPLEMENTATIONS = YES;
				CLANG_WARN_DIRECT_OBJC_ISA_USAGE = YES_ERROR;
				CLANG_WARN_DOCUMENTATION_COMMENTS = YES;
				CLANG_WARN_EMPTY_BODY = YES;
				CLANG_WARN_ENUM_CONVERSION = YES;
				CLANG_WARN_INFINITE_RECURSION = YES;
				CLANG_WARN_INT_CONVERSION = YES;
				CLANG_WARN_NON_LITERAL_NULL_CONVERSION = YES;
				CLANG_WARN_OBJC_IMPLICIT_RETAIN_SELF = YES;
				CLANG_WARN_OBJC_LITERAL_CONVERSION = YES;
				CLANG_WARN_OBJC_ROOT_CLASS = YES_ERROR;
				CLANG_WARN_QUOTED_INCLUDE_IN_FRAMEWORK_HEADER = YES;
				CLANG_WARN_RANGE_LOOP_ANALYSIS = YES;
				CLANG_WARN_STRICT_PROTOTYPES = YES;
				CLANG_WARN_SUSPICIOUS_MOVE = YES;
				CLANG_WARN_UNGUARDED_AVAILABILITY = YES_AGGRESSIVE;
				CLANG_WARN_UNREACHABLE_CODE = YES;
				CLANG_WARN__DUPLICATE_METHOD_MATCH = YES;
				COPY_PHASE_STRIP = NO;
				DEBUG_INFORMATION_FORMAT = "dwarf-with-dsym";
				DEVELOPMENT_TEAM = P85DW78LYM;
				ENABLE_NS_ASSERTIONS = NO;
				ENABLE_STRICT_OBJC_MSGSEND = YES;
				ENABLE_USER_SCRIPT_SANDBOXING = NO;
				GCC_C_LANGUAGE_STANDARD = gnu17;
				GCC_NO_COMMON_BLOCKS = YES;
				GCC_WARN_64_TO_32_BIT_CONVERSION = YES;
				GCC_WARN_ABOUT_RETURN_TYPE = YES_ERROR;
				GCC_WARN_UNDECLARED_SELECTOR = YES;
				GCC_WARN_UNINITIALIZED_AUTOS = YES_AGGRESSIVE;
				GCC_WARN_UNUSED_FUNCTION = YES;
				GCC_WARN_UNUSED_VARIABLE = YES;
				IPHONEOS_DEPLOYMENT_TARGET = 17.6;
				LOCALIZATION_PREFERS_STRING_CATALOGS = YES;
				MTL_ENABLE_DEBUG_INFO = NO;
				MTL_FAST_MATH = YES;
				SDKROOT = iphoneos;
				SWIFT_COMPILATION_MODE = wholemodule;
				VALIDATE_PRODUCT = YES;
			};
			name = Staging;
		};
		599234E1300DFA7C00C15771 /* Staging */ = {
			isa = XCBuildConfiguration;
			baseConfigurationReferenceAnchor = 6C4998DF2EF7EF62006BE1DB /* Neki-iOS */;
			baseConfigurationReferenceRelativePath = APP/Sources/Resources/Debug.xcconfig;
			buildSettings = {
				ASSETCATALOG_COMPILER_APPICON_NAME = AppIcon_Dev;
				ASSETCATALOG_COMPILER_GLOBAL_ACCENT_COLOR_NAME = AccentColor;
				CODE_SIGN_ENTITLEMENTS = "Neki-iOS/Neki-iOS-Staging.entitlements";
				CODE_SIGN_IDENTITY = "Apple Development";
				"CODE_SIGN_IDENTITY[sdk=iphoneos*]" = "iPhone Distribution";
				CODE_SIGN_STYLE = Manual;
				CURRENT_PROJECT_VERSION = 1;
				DEVELOPMENT_TEAM = "";
				"DEVELOPMENT_TEAM[sdk=iphoneos*]" = P85DW78LYM;
				ENABLE_PREVIEWS = YES;
				GENERATE_INFOPLIST_FILE = YES;
				INFOPLIST_FILE = "Neki-iOS/Info.plist";
				INFOPLIST_KEY_CFBundleDisplayName = Neki;
				INFOPLIST_KEY_ITSAppUsesNonExemptEncryption = NO;
				INFOPLIST_KEY_NEKI_RUNTIME_ENVIRONMENT = development;
				INFOPLIST_KEY_NSCameraUsageDescription = "$(CAMERA_USAGE_DESCRIPTION)";
				INFOPLIST_KEY_NSLocationWhenInUseUsageDescription = "$(LOCATION_USAGE_DESCRIPTION)";
				INFOPLIST_KEY_NSPhotoLibraryAddUsageDescription = "$(PHOTO_LIBRARY_USAGE_DESCRIPTION)";
				INFOPLIST_KEY_UIApplicationSceneManifest_Generation = YES;
				INFOPLIST_KEY_UIApplicationSupportsIndirectInputEvents = YES;
				INFOPLIST_KEY_UILaunchScreen_Generation = YES;
				INFOPLIST_KEY_UISupportedInterfaceOrientations = UIInterfaceOrientationPortrait;
				INFOPLIST_KEY_UISupportedInterfaceOrientations_iPad = "UIInterfaceOrientationPortrait UIInterfaceOrientationPortraitUpsideDown";
				INFOPLIST_KEY_UIUserInterfaceStyle = Light;
				IPHONEOS_DEPLOYMENT_TARGET = 17.6;
				LD_RUNPATH_SEARCH_PATHS = (
					"$(inherited)",
					"@executable_path/Frameworks",
				);
				MARKETING_VERSION = 1.2.4;
				PRODUCT_BUNDLE_IDENTIFIER = "com.OneTen.Neki-iOS-dev";
				PRODUCT_NAME = "$(TARGET_NAME)";
				PROVISIONING_PROFILE_SPECIFIER = "";
				"PROVISIONING_PROFILE_SPECIFIER[sdk=iphoneos*]" = neki_dev_distribution;
				STRING_CATALOG_GENERATE_SYMBOLS = YES;
				SUPPORTED_PLATFORMS = "iphoneos iphonesimulator";
				SUPPORTS_MACCATALYST = NO;
				SUPPORTS_MAC_DESIGNED_FOR_IPHONE_IPAD = NO;
				SUPPORTS_XR_DESIGNED_FOR_IPHONE_IPAD = NO;
				SWIFT_APPROACHABLE_CONCURRENCY = YES;
				SWIFT_DEFAULT_ACTOR_ISOLATION = nonisolated;
				SWIFT_EMIT_LOC_STRINGS = YES;
				SWIFT_UPCOMING_FEATURE_MEMBER_IMPORT_VISIBILITY = YES;
				SWIFT_VERSION = 5.0;
				TARGETED_DEVICE_FAMILY = 1;
			};
			name = Staging;
		};
		599234E2300DFA7C00C15771 /* Staging */ = {
			isa = XCBuildConfiguration;
			baseConfigurationReferenceAnchor = 6C4998DF2EF7EF62006BE1DB /* Neki-iOS */;
			baseConfigurationReferenceRelativePath = APP/Sources/Resources/Debug.xcconfig;
			buildSettings = {
				BUNDLE_LOADER = "$(TEST_HOST)";
				CODE_SIGN_IDENTITY = "Apple Development";
				CODE_SIGN_STYLE = Automatic;
				CURRENT_PROJECT_VERSION = 1;
				DEVELOPMENT_TEAM = P85DW78LYM;
				GENERATE_INFOPLIST_FILE = YES;
				IPHONEOS_DEPLOYMENT_TARGET = 17.6;
				MARKETING_VERSION = 1.0;
				PRODUCT_BUNDLE_IDENTIFIER = "com.OneTen.Neki-iOSTests";
				PRODUCT_NAME = "$(TARGET_NAME)";
				PROVISIONING_PROFILE_SPECIFIER = "";
				STRING_CATALOG_GENERATE_SYMBOLS = NO;
				SUPPORTED_PLATFORMS = "iphoneos iphonesimulator";
				SUPPORTS_MACCATALYST = NO;
				SUPPORTS_MAC_DESIGNED_FOR_IPHONE_IPAD = NO;
				SUPPORTS_XR_DESIGNED_FOR_IPHONE_IPAD = NO;
				SWIFT_APPROACHABLE_CONCURRENCY = YES;
				SWIFT_EMIT_LOC_STRINGS = NO;
				SWIFT_UPCOMING_FEATURE_MEMBER_IMPORT_VISIBILITY = YES;
				SWIFT_VERSION = 5.0;
				TARGETED_DEVICE_FAMILY = 1;
				TEST_HOST = "$(BUILT_PRODUCTS_DIR)/Neki-iOS.app/$(BUNDLE_EXECUTABLE_FOLDER_PATH)/Neki-iOS";
			};
			name = Staging;
		};
		599234E3300DFA7C00C15771 /* Staging */ = {
			isa = XCBuildConfiguration;
			buildSettings = {
				CODE_SIGN_ENTITLEMENTS = "NekiShareExtension/NekiShareExtension-Staging.entitlements";
				CODE_SIGN_IDENTITY = "Apple Development";
				"CODE_SIGN_IDENTITY[sdk=iphoneos*]" = "iPhone Distribution";
				CODE_SIGN_STYLE = Manual;
				CURRENT_PROJECT_VERSION = 1;
				DEVELOPMENT_TEAM = "";
				"DEVELOPMENT_TEAM[sdk=iphoneos*]" = P85DW78LYM;
				GENERATE_INFOPLIST_FILE = YES;
				INFOPLIST_FILE = NekiShareExtension/Resources/Info.plist;
				INFOPLIST_KEY_CFBundleDisplayName = NekiShareExtension;
				INFOPLIST_KEY_NEKI_APP_GROUP_ID = "group.com.OneTen.Neki-iOS-dev";
				INFOPLIST_KEY_NEKI_URL_SCHEME = "neki-dev";
				INFOPLIST_KEY_NSHumanReadableCopyright = "";
				IPHONEOS_DEPLOYMENT_TARGET = 17.6;
				LD_RUNPATH_SEARCH_PATHS = (
					"$(inherited)",
					"@executable_path/Frameworks",
					"@executable_path/../../Frameworks",
				);
				MARKETING_VERSION = 1.2.4;
				PRODUCT_BUNDLE_IDENTIFIER = "com.OneTen.Neki-iOS-dev.Share-Extension";
				PRODUCT_NAME = "$(TARGET_NAME)";
				PROVISIONING_PROFILE_SPECIFIER = "";
				"PROVISIONING_PROFILE_SPECIFIER[sdk=iphoneos*]" = neki_dev_share_distribution;
				SKIP_INSTALL = YES;
				STRING_CATALOG_GENERATE_SYMBOLS = YES;
				SWIFT_EMIT_LOC_STRINGS = NO;
				SWIFT_UPCOMING_FEATURE_MEMBER_IMPORT_VISIBILITY = YES;
				SWIFT_VERSION = 5.0;
				TARGETED_DEVICE_FAMILY = 1;
			};
			name = Staging;
		};
		6C3B4B822F65C44C008449C1 /* Debug */ = {
			isa = XCBuildConfiguration;
			baseConfigurationReferenceAnchor = 6C4998DF2EF7EF62006BE1DB /* Neki-iOS */;
			baseConfigurationReferenceRelativePath = APP/Sources/Resources/Debug.xcconfig;
			buildSettings = {
				BUNDLE_LOADER = "$(TEST_HOST)";
				CODE_SIGN_IDENTITY = "Apple Development";
				CODE_SIGN_STYLE = Automatic;
				CURRENT_PROJECT_VERSION = 1;
				DEVELOPMENT_TEAM = P85DW78LYM;
				GENERATE_INFOPLIST_FILE = YES;
				IPHONEOS_DEPLOYMENT_TARGET = 17.6;
				MARKETING_VERSION = 1.0;
				PRODUCT_BUNDLE_IDENTIFIER = "com.OneTen.Neki-iOSTests";
				PRODUCT_NAME = "$(TARGET_NAME)";
				PROVISIONING_PROFILE_SPECIFIER = "";
				STRING_CATALOG_GENERATE_SYMBOLS = NO;
				SUPPORTED_PLATFORMS = "iphoneos iphonesimulator";
				SUPPORTS_MACCATALYST = NO;
				SUPPORTS_MAC_DESIGNED_FOR_IPHONE_IPAD = NO;
				SUPPORTS_XR_DESIGNED_FOR_IPHONE_IPAD = NO;
				SWIFT_APPROACHABLE_CONCURRENCY = YES;
				SWIFT_EMIT_LOC_STRINGS = YES;
				SWIFT_UPCOMING_FEATURE_MEMBER_IMPORT_VISIBILITY = YES;
				SWIFT_VERSION = 5.0;
				TARGETED_DEVICE_FAMILY = 1;
				TEST_HOST = "$(BUILT_PRODUCTS_DIR)/Neki-iOS.app/$(BUNDLE_EXECUTABLE_FOLDER_PATH)/Neki-iOS";
			};
			name = Debug;
		};
		6C3B4B832F65C44C008449C1 /* Release */ = {
			isa = XCBuildConfiguration;
			baseConfigurationReferenceAnchor = 6C4998DF2EF7EF62006BE1DB /* Neki-iOS */;
			baseConfigurationReferenceRelativePath = APP/Sources/Resources/Release.xcconfig;
			buildSettings = {
				BUNDLE_LOADER = "$(TEST_HOST)";
				CODE_SIGN_IDENTITY = "Apple Development";
				CODE_SIGN_STYLE = Automatic;
				CURRENT_PROJECT_VERSION = 1;
				DEVELOPMENT_TEAM = P85DW78LYM;
				GENERATE_INFOPLIST_FILE = YES;
				IPHONEOS_DEPLOYMENT_TARGET = 17.6;
				MARKETING_VERSION = 1.0;
				PRODUCT_BUNDLE_IDENTIFIER = "com.OneTen.Neki-iOSTests";
				PRODUCT_NAME = "$(TARGET_NAME)";
				PROVISIONING_PROFILE_SPECIFIER = "";
				STRING_CATALOG_GENERATE_SYMBOLS = NO;
				SUPPORTED_PLATFORMS = "iphoneos iphonesimulator";
				SUPPORTS_MACCATALYST = NO;
				SUPPORTS_MAC_DESIGNED_FOR_IPHONE_IPAD = NO;
				SUPPORTS_XR_DESIGNED_FOR_IPHONE_IPAD = NO;
				SWIFT_APPROACHABLE_CONCURRENCY = YES;
				SWIFT_EMIT_LOC_STRINGS = NO;
				SWIFT_UPCOMING_FEATURE_MEMBER_IMPORT_VISIBILITY = YES;
				SWIFT_VERSION = 5.0;
				TARGETED_DEVICE_FAMILY = 1;
				TEST_HOST = "$(BUILT_PRODUCTS_DIR)/Neki-iOS.app/$(BUNDLE_EXECUTABLE_FOLDER_PATH)/Neki-iOS";
			};
			name = Release;
		};
		6C4998FC2EF7EF64006BE1DB /* Debug */ = {
			isa = XCBuildConfiguration;
			baseConfigurationReferenceAnchor = 6C4998DF2EF7EF62006BE1DB /* Neki-iOS */;
			baseConfigurationReferenceRelativePath = APP/Sources/Resources/Debug.xcconfig;
			buildSettings = {
				ALWAYS_SEARCH_USER_PATHS = NO;
				ASSETCATALOG_COMPILER_GENERATE_SWIFT_ASSET_SYMBOL_EXTENSIONS = YES;
				CLANG_ANALYZER_NONNULL = YES;
				CLANG_ANALYZER_NUMBER_OBJECT_CONVERSION = YES_AGGRESSIVE;
				CLANG_CXX_LANGUAGE_STANDARD = "gnu++20";
				CLANG_ENABLE_MODULES = YES;
				CLANG_ENABLE_OBJC_ARC = YES;
				CLANG_ENABLE_OBJC_WEAK = YES;
				CLANG_WARN_BLOCK_CAPTURE_AUTORELEASING = YES;
				CLANG_WARN_BOOL_CONVERSION = YES;
				CLANG_WARN_COMMA = YES;
				CLANG_WARN_CONSTANT_CONVERSION = YES;
				CLANG_WARN_DEPRECATED_OBJC_IMPLEMENTATIONS = YES;
				CLANG_WARN_DIRECT_OBJC_ISA_USAGE = YES_ERROR;
				CLANG_WARN_DOCUMENTATION_COMMENTS = YES;
				CLANG_WARN_EMPTY_BODY = YES;
				CLANG_WARN_ENUM_CONVERSION = YES;
				CLANG_WARN_INFINITE_RECURSION = YES;
				CLANG_WARN_INT_CONVERSION = YES;
				CLANG_WARN_NON_LITERAL_NULL_CONVERSION = YES;
				CLANG_WARN_OBJC_IMPLICIT_RETAIN_SELF = YES;
				CLANG_WARN_OBJC_LITERAL_CONVERSION = YES;
				CLANG_WARN_OBJC_ROOT_CLASS = YES_ERROR;
				CLANG_WARN_QUOTED_INCLUDE_IN_FRAMEWORK_HEADER = YES;
				CLANG_WARN_RANGE_LOOP_ANALYSIS = YES;
				CLANG_WARN_STRICT_PROTOTYPES = YES;
				CLANG_WARN_SUSPICIOUS_MOVE = YES;
				CLANG_WARN_UNGUARDED_AVAILABILITY = YES_AGGRESSIVE;
				CLANG_WARN_UNREACHABLE_CODE = YES;
				CLANG_WARN__DUPLICATE_METHOD_MATCH = YES;
				COPY_PHASE_STRIP = NO;
				DEBUG_INFORMATION_FORMAT = dwarf;
				DEVELOPMENT_TEAM = P85DW78LYM;
				ENABLE_STRICT_OBJC_MSGSEND = YES;
				ENABLE_TESTABILITY = YES;
				ENABLE_USER_SCRIPT_SANDBOXING = NO;
				GCC_C_LANGUAGE_STANDARD = gnu17;
				GCC_DYNAMIC_NO_PIC = NO;
				GCC_NO_COMMON_BLOCKS = YES;
				GCC_OPTIMIZATION_LEVEL = 0;
				GCC_PREPROCESSOR_DEFINITIONS = (
					"DEBUG=1",
					"$(inherited)",
				);
				GCC_WARN_64_TO_32_BIT_CONVERSION = YES;
				GCC_WARN_ABOUT_RETURN_TYPE = YES_ERROR;
				GCC_WARN_UNDECLARED_SELECTOR = YES;
				GCC_WARN_UNINITIALIZED_AUTOS = YES_AGGRESSIVE;
				GCC_WARN_UNUSED_FUNCTION = YES;
				GCC_WARN_UNUSED_VARIABLE = YES;
				IPHONEOS_DEPLOYMENT_TARGET = 17.6;
				LOCALIZATION_PREFERS_STRING_CATALOGS = YES;
				MTL_ENABLE_DEBUG_INFO = INCLUDE_SOURCE;
				MTL_FAST_MATH = YES;
				ONLY_ACTIVE_ARCH = YES;
				SDKROOT = iphoneos;
				SWIFT_ACTIVE_COMPILATION_CONDITIONS = "DEBUG $(inherited)";
				SWIFT_OPTIMIZATION_LEVEL = "-Onone";
			};
			name = Debug;
		};
		6C4998FD2EF7EF64006BE1DB /* Release */ = {
			isa = XCBuildConfiguration;
			baseConfigurationReferenceAnchor = 6C4998DF2EF7EF62006BE1DB /* Neki-iOS */;
			baseConfigurationReferenceRelativePath = APP/Sources/Resources/Release.xcconfig;
			buildSettings = {
				ALWAYS_SEARCH_USER_PATHS = NO;
				ASSETCATALOG_COMPILER_GENERATE_SWIFT_ASSET_SYMBOL_EXTENSIONS = YES;
				CLANG_ANALYZER_NONNULL = YES;
				CLANG_ANALYZER_NUMBER_OBJECT_CONVERSION = YES_AGGRESSIVE;
				CLANG_CXX_LANGUAGE_STANDARD = "gnu++20";
				CLANG_ENABLE_MODULES = YES;
				CLANG_ENABLE_OBJC_ARC = YES;
				CLANG_ENABLE_OBJC_WEAK = YES;
				CLANG_WARN_BLOCK_CAPTURE_AUTORELEASING = YES;
				CLANG_WARN_BOOL_CONVERSION = YES;
				CLANG_WARN_COMMA = YES;
				CLANG_WARN_CONSTANT_CONVERSION = YES;
				CLANG_WARN_DEPRECATED_OBJC_IMPLEMENTATIONS = YES;
				CLANG_WARN_DIRECT_OBJC_ISA_USAGE = YES_ERROR;
				CLANG_WARN_DOCUMENTATION_COMMENTS = YES;
				CLANG_WARN_EMPTY_BODY = YES;
				CLANG_WARN_ENUM_CONVERSION = YES;
				CLANG_WARN_INFINITE_RECURSION = YES;
				CLANG_WARN_INT_CONVERSION = YES;
				CLANG_WARN_NON_LITERAL_NULL_CONVERSION = YES;
				CLANG_WARN_OBJC_IMPLICIT_RETAIN_SELF = YES;
				CLANG_WARN_OBJC_LITERAL_CONVERSION = YES;
				CLANG_WARN_OBJC_ROOT_CLASS = YES_ERROR;
				CLANG_WARN_QUOTED_INCLUDE_IN_FRAMEWORK_HEADER = YES;
				CLANG_WARN_RANGE_LOOP_ANALYSIS = YES;
				CLANG_WARN_STRICT_PROTOTYPES = YES;
				CLANG_WARN_SUSPICIOUS_MOVE = YES;
				CLANG_WARN_UNGUARDED_AVAILABILITY = YES_AGGRESSIVE;
				CLANG_WARN_UNREACHABLE_CODE = YES;
				CLANG_WARN__DUPLICATE_METHOD_MATCH = YES;
				COPY_PHASE_STRIP = NO;
				DEBUG_INFORMATION_FORMAT = "dwarf-with-dsym";
				DEVELOPMENT_TEAM = P85DW78LYM;
				ENABLE_NS_ASSERTIONS = NO;
				ENABLE_STRICT_OBJC_MSGSEND = YES;
				ENABLE_USER_SCRIPT_SANDBOXING = NO;
				GCC_C_LANGUAGE_STANDARD = gnu17;
				GCC_NO_COMMON_BLOCKS = YES;
				GCC_WARN_64_TO_32_BIT_CONVERSION = YES;
				GCC_WARN_ABOUT_RETURN_TYPE = YES_ERROR;
				GCC_WARN_UNDECLARED_SELECTOR = YES;
				GCC_WARN_UNINITIALIZED_AUTOS = YES_AGGRESSIVE;
				GCC_WARN_UNUSED_FUNCTION = YES;
				GCC_WARN_UNUSED_VARIABLE = YES;
				IPHONEOS_DEPLOYMENT_TARGET = 17.6;
				LOCALIZATION_PREFERS_STRING_CATALOGS = YES;
				MTL_ENABLE_DEBUG_INFO = NO;
				MTL_FAST_MATH = YES;
				SDKROOT = iphoneos;
				SWIFT_COMPILATION_MODE = wholemodule;
				VALIDATE_PRODUCT = YES;
			};
			name = Release;
		};
		6C4998FF2EF7EF64006BE1DB /* Debug */ = {
			isa = XCBuildConfiguration;
			baseConfigurationReferenceAnchor = 6C4998DF2EF7EF62006BE1DB /* Neki-iOS */;
			baseConfigurationReferenceRelativePath = APP/Sources/Resources/Debug.xcconfig;
			buildSettings = {
				ASSETCATALOG_COMPILER_APPICON_NAME = AppIcon_Dev;
				ASSETCATALOG_COMPILER_GLOBAL_ACCENT_COLOR_NAME = AccentColor;
				CODE_SIGN_ENTITLEMENTS = "Neki-iOS/Neki-iOS-Debug.entitlements";
				CODE_SIGN_IDENTITY = "Apple Development";
				"CODE_SIGN_IDENTITY[sdk=iphoneos*]" = "iPhone Developer";
				CODE_SIGN_STYLE = Manual;
				CURRENT_PROJECT_VERSION = 1;
				DEVELOPMENT_TEAM = "";
				"DEVELOPMENT_TEAM[sdk=iphoneos*]" = P85DW78LYM;
				ENABLE_PREVIEWS = YES;
				GENERATE_INFOPLIST_FILE = YES;
				INFOPLIST_FILE = "Neki-iOS/Info.plist";
				INFOPLIST_KEY_CFBundleDisplayName = Neki;
				INFOPLIST_KEY_ITSAppUsesNonExemptEncryption = NO;
				INFOPLIST_KEY_NEKI_RUNTIME_ENVIRONMENT = development;
				INFOPLIST_KEY_NSCameraUsageDescription = "$(CAMERA_USAGE_DESCRIPTION)";
				INFOPLIST_KEY_NSLocationWhenInUseUsageDescription = "$(LOCATION_USAGE_DESCRIPTION)";
				INFOPLIST_KEY_NSPhotoLibraryAddUsageDescription = "$(PHOTO_LIBRARY_USAGE_DESCRIPTION)";
				INFOPLIST_KEY_UIApplicationSceneManifest_Generation = YES;
				INFOPLIST_KEY_UIApplicationSupportsIndirectInputEvents = YES;
				INFOPLIST_KEY_UILaunchScreen_Generation = YES;
				INFOPLIST_KEY_UISupportedInterfaceOrientations = UIInterfaceOrientationPortrait;
				INFOPLIST_KEY_UISupportedInterfaceOrientations_iPad = "UIInterfaceOrientationPortrait UIInterfaceOrientationPortraitUpsideDown";
				INFOPLIST_KEY_UIUserInterfaceStyle = Light;
				IPHONEOS_DEPLOYMENT_TARGET = 17.6;
				LD_RUNPATH_SEARCH_PATHS = (
					"$(inherited)",
					"@executable_path/Frameworks",
				);
				MARKETING_VERSION = 1.2.4;
				PRODUCT_BUNDLE_IDENTIFIER = "com.OneTen.Neki-iOS-dev";
				PRODUCT_NAME = "$(TARGET_NAME)";
				PROVISIONING_PROFILE_SPECIFIER = "";
				"PROVISIONING_PROFILE_SPECIFIER[sdk=iphoneos*]" = neki_dev_development;
				STRING_CATALOG_GENERATE_SYMBOLS = YES;
				SUPPORTED_PLATFORMS = "iphoneos iphonesimulator";
				SUPPORTS_MACCATALYST = NO;
				SUPPORTS_MAC_DESIGNED_FOR_IPHONE_IPAD = NO;
				SUPPORTS_XR_DESIGNED_FOR_IPHONE_IPAD = NO;
				SWIFT_APPROACHABLE_CONCURRENCY = YES;
				SWIFT_DEFAULT_ACTOR_ISOLATION = nonisolated;
				SWIFT_EMIT_LOC_STRINGS = YES;
				SWIFT_UPCOMING_FEATURE_MEMBER_IMPORT_VISIBILITY = YES;
				SWIFT_VERSION = 5.0;
				TARGETED_DEVICE_FAMILY = 1;
			};
			name = Debug;
		};
		6C4999002EF7EF64006BE1DB /* Release */ = {
			isa = XCBuildConfiguration;
			baseConfigurationReferenceAnchor = 6C4998DF2EF7EF62006BE1DB /* Neki-iOS */;
			baseConfigurationReferenceRelativePath = APP/Sources/Resources/Release.xcconfig;
			buildSettings = {
				ASSETCATALOG_COMPILER_APPICON_NAME = AppIcon;
				ASSETCATALOG_COMPILER_GLOBAL_ACCENT_COLOR_NAME = AccentColor;
				CODE_SIGN_ENTITLEMENTS = "Neki-iOS/Neki-iOS-Release.entitlements";
				CODE_SIGN_IDENTITY = "Apple Development";
				"CODE_SIGN_IDENTITY[sdk=iphoneos*]" = "iPhone Distribution";
				CODE_SIGN_STYLE = Manual;
				CURRENT_PROJECT_VERSION = 1;
				DEVELOPMENT_TEAM = "";
				"DEVELOPMENT_TEAM[sdk=iphoneos*]" = P85DW78LYM;
				ENABLE_PREVIEWS = YES;
				GENERATE_INFOPLIST_FILE = YES;
				INFOPLIST_FILE = "Neki-iOS/Info.plist";
				INFOPLIST_KEY_CFBundleDisplayName = Neki;
				INFOPLIST_KEY_ITSAppUsesNonExemptEncryption = NO;
				INFOPLIST_KEY_NEKI_RUNTIME_ENVIRONMENT = production;
				INFOPLIST_KEY_NSCameraUsageDescription = "$(CAMERA_USAGE_DESCRIPTION)";
				INFOPLIST_KEY_NSLocationWhenInUseUsageDescription = "$(LOCATION_USAGE_DESCRIPTION)";
				INFOPLIST_KEY_NSPhotoLibraryAddUsageDescription = "$(PHOTO_LIBRARY_USAGE_DESCRIPTION)";
				INFOPLIST_KEY_UIApplicationSceneManifest_Generation = YES;
				INFOPLIST_KEY_UIApplicationSupportsIndirectInputEvents = YES;
				INFOPLIST_KEY_UILaunchScreen_Generation = YES;
				INFOPLIST_KEY_UISupportedInterfaceOrientations = UIInterfaceOrientationPortrait;
				INFOPLIST_KEY_UISupportedInterfaceOrientations_iPad = "UIInterfaceOrientationPortrait UIInterfaceOrientationPortraitUpsideDown";
				INFOPLIST_KEY_UIUserInterfaceStyle = Light;
				IPHONEOS_DEPLOYMENT_TARGET = 17.6;
				LD_RUNPATH_SEARCH_PATHS = (
					"$(inherited)",
					"@executable_path/Frameworks",
				);
				MARKETING_VERSION = 1.2.4;
				PRODUCT_BUNDLE_IDENTIFIER = "com.OneTen.Neki-iOS";
				PRODUCT_NAME = "$(TARGET_NAME)";
				PROVISIONING_PROFILE_SPECIFIER = "";
				"PROVISIONING_PROFILE_SPECIFIER[sdk=iphoneos*]" = neki_release_distribution;
				STRING_CATALOG_GENERATE_SYMBOLS = YES;
				SUPPORTED_PLATFORMS = "iphoneos iphonesimulator";
				SUPPORTS_MACCATALYST = NO;
				SUPPORTS_MAC_DESIGNED_FOR_IPHONE_IPAD = NO;
				SUPPORTS_XR_DESIGNED_FOR_IPHONE_IPAD = NO;
				SWIFT_APPROACHABLE_CONCURRENCY = YES;
				SWIFT_DEFAULT_ACTOR_ISOLATION = nonisolated;
				SWIFT_EMIT_LOC_STRINGS = YES;
				SWIFT_UPCOMING_FEATURE_MEMBER_IMPORT_VISIBILITY = YES;
				SWIFT_VERSION = 5.0;
				TARGETED_DEVICE_FAMILY = 1;
			};
			name = Release;
		};
/* End XCBuildConfiguration section */

/* Begin XCConfigurationList section */
		59235C5D2F64245A00198051 /* Build configuration list for PBXNativeTarget "NekiShareExtension" */ = {
			isa = XCConfigurationList;
			buildConfigurations = (
				59235C5B2F64245A00198051 /* Debug */,
				59235C5C2F64245A00198051 /* Release */,
				599234E3300DFA7C00C15771 /* Staging */,
			);
			defaultConfigurationIsVisible = 0;
			defaultConfigurationName = Debug;
		};
		6C3B4B842F65C44C008449C1 /* Build configuration list for PBXNativeTarget "Neki-iOSTests" */ = {
			isa = XCConfigurationList;
			buildConfigurations = (
				6C3B4B822F65C44C008449C1 /* Debug */,
				6C3B4B832F65C44C008449C1 /* Release */,
				599234E2300DFA7C00C15771 /* Staging */,
			);
			defaultConfigurationIsVisible = 0;
			defaultConfigurationName = Debug;
		};
		6C4998D82EF7EF62006BE1DB /* Build configuration list for PBXProject "Neki-iOS" */ = {
			isa = XCConfigurationList;
			buildConfigurations = (
				6C4998FC2EF7EF64006BE1DB /* Debug */,
				6C4998FD2EF7EF64006BE1DB /* Release */,
				599234E0300DFA7C00C15771 /* Staging */,
			);
			defaultConfigurationIsVisible = 0;
			defaultConfigurationName = Debug;
		};
		6C4998FE2EF7EF64006BE1DB /* Build configuration list for PBXNativeTarget "Neki-iOS" */ = {
			isa = XCConfigurationList;
			buildConfigurations = (
				6C4998FF2EF7EF64006BE1DB /* Debug */,
				6C4999002EF7EF64006BE1DB /* Release */,
				599234E1300DFA7C00C15771 /* Staging */,
			);
			defaultConfigurationIsVisible = 0;
			defaultConfigurationName = Debug;
		};
/* End XCConfigurationList section */

/* Begin XCRemoteSwiftPackageReference section */
		592F2C5C2F0508FE00802BB7 /* XCRemoteSwiftPackageReference "swift-composable-architecture" */ = {
			isa = XCRemoteSwiftPackageReference;
			repositoryURL = "https://github.com/pointfreeco/swift-composable-architecture";
			requirement = {
				kind = upToNextMajorVersion;
				minimumVersion = 1.23.1;
			};
		};
		592F345A2F0E1F1700802BB7 /* XCRemoteSwiftPackageReference "SPM-NMapsMap" */ = {
			isa = XCRemoteSwiftPackageReference;
			repositoryURL = "https://github.com/navermaps/SPM-NMapsMap";
			requirement = {
				kind = upToNextMajorVersion;
				minimumVersion = 3.23.0;
			};
		};
		597033562F2482E1000B8194 /* XCRemoteSwiftPackageReference "kakao-ios-sdk" */ = {
			isa = XCRemoteSwiftPackageReference;
			repositoryURL = "https://github.com/kakao/kakao-ios-sdk";
			requirement = {
				kind = upToNextMajorVersion;
				minimumVersion = 2.27.1;
			};
		};
		59D1D2192F168EE800F50EB5 /* XCRemoteSwiftPackageReference "Kingfisher" */ = {
			isa = XCRemoteSwiftPackageReference;
			repositoryURL = "https://github.com/onevcat/Kingfisher.git";
			requirement = {
				kind = upToNextMajorVersion;
				minimumVersion = 8.6.2;
			};
		};
		6C0C1AC92F6FD2E30037F650 /* XCRemoteSwiftPackageReference "firebase-ios-sdk" */ = {
			isa = XCRemoteSwiftPackageReference;
			repositoryURL = "https://github.com/firebase/firebase-ios-sdk.git";
			requirement = {
				kind = upToNextMajorVersion;
				minimumVersion = 12.11.0;
			};
		};
		6C4D99E32F365E1700E93BF0 /* XCRemoteSwiftPackageReference "lottie-ios" */ = {
			isa = XCRemoteSwiftPackageReference;
			repositoryURL = "https://github.com/airbnb/lottie-ios";
			requirement = {
				kind = upToNextMajorVersion;
				minimumVersion = 4.6.0;
			};
		};
		6CA30402301A000100000001 /* XCRemoteSwiftPackageReference "facebook-ios-sdk" */ = {
			isa = XCRemoteSwiftPackageReference;
			repositoryURL = "https://github.com/facebook/facebook-ios-sdk";
			requirement = {
				kind = upToNextMajorVersion;
				minimumVersion = 18.1.0;
			};
		};
		6CA30902301B000100000001 /* XCRemoteSwiftPackageReference "Amplitude-Swift" */ = {
			isa = XCRemoteSwiftPackageReference;
			repositoryURL = "https://github.com/amplitude/Amplitude-Swift";
			requirement = {
				kind = upToNextMajorVersion;
				minimumVersion = 1.18.6;
			};
		};
/* End XCRemoteSwiftPackageReference section */

/* Begin XCSwiftPackageProductDependency section */
		592F2C5D2F0508FE00802BB7 /* ComposableArchitecture */ = {
			isa = XCSwiftPackageProductDependency;
			package = 592F2C5C2F0508FE00802BB7 /* XCRemoteSwiftPackageReference "swift-composable-architecture" */;
			productName = ComposableArchitecture;
		};
		592F345B2F0E1F1700802BB7 /* NMapsMap */ = {
			isa = XCSwiftPackageProductDependency;
			package = 592F345A2F0E1F1700802BB7 /* XCRemoteSwiftPackageReference "SPM-NMapsMap" */;
			productName = NMapsMap;
		};
		597033572F2482E1000B8194 /* KakaoSDKAuth */ = {
			isa = XCSwiftPackageProductDependency;
			package = 597033562F2482E1000B8194 /* XCRemoteSwiftPackageReference "kakao-ios-sdk" */;
			productName = KakaoSDKAuth;
		};
		597033592F2482E1000B8194 /* KakaoSDKCert */ = {
			isa = XCSwiftPackageProductDependency;
			package = 597033562F2482E1000B8194 /* XCRemoteSwiftPackageReference "kakao-ios-sdk" */;
			productName = KakaoSDKCert;
		};
		5970335B2F2482E1000B8194 /* KakaoSDKCertCore */ = {
			isa = XCSwiftPackageProductDependency;
			package = 597033562F2482E1000B8194 /* XCRemoteSwiftPackageReference "kakao-ios-sdk" */;
			productName = KakaoSDKCertCore;
		};
		5970335D2F2482E1000B8194 /* KakaoSDKCommon */ = {
			isa = XCSwiftPackageProductDependency;
			package = 597033562F2482E1000B8194 /* XCRemoteSwiftPackageReference "kakao-ios-sdk" */;
			productName = KakaoSDKCommon;
		};
		5970335F2F2482E1000B8194 /* KakaoSDKUser */ = {
			isa = XCSwiftPackageProductDependency;
			package = 597033562F2482E1000B8194 /* XCRemoteSwiftPackageReference "kakao-ios-sdk" */;
			productName = KakaoSDKUser;
		};
		59D1D21A2F168EE800F50EB5 /* Kingfisher */ = {
			isa = XCSwiftPackageProductDependency;
			package = 59D1D2192F168EE800F50EB5 /* XCRemoteSwiftPackageReference "Kingfisher" */;
			productName = Kingfisher;
		};
		6C0C1ACA2F6FD2E30037F650 /* FirebaseAnalytics */ = {
			isa = XCSwiftPackageProductDependency;
			package = 6C0C1AC92F6FD2E30037F650 /* XCRemoteSwiftPackageReference "firebase-ios-sdk" */;
			productName = FirebaseAnalytics;
		};
		6C0C1ACC2F6FD2E30037F650 /* FirebaseCrashlytics */ = {
			isa = XCSwiftPackageProductDependency;
			package = 6C0C1AC92F6FD2E30037F650 /* XCRemoteSwiftPackageReference "firebase-ios-sdk" */;
			productName = FirebaseCrashlytics;
		};
		6C0C1ACE2F6FD2E30037F650 /* FirebaseInstallations */ = {
			isa = XCSwiftPackageProductDependency;
			package = 6C0C1AC92F6FD2E30037F650 /* XCRemoteSwiftPackageReference "firebase-ios-sdk" */;
			productName = FirebaseInstallations;
		};
		6C0C1AD02F6FD2E30037F650 /* FirebaseMessaging */ = {
			isa = XCSwiftPackageProductDependency;
			package = 6C0C1AC92F6FD2E30037F650 /* XCRemoteSwiftPackageReference "firebase-ios-sdk" */;
			productName = FirebaseMessaging;
		};
		6C4D99E42F365E1700E93BF0 /* Lottie */ = {
			isa = XCSwiftPackageProductDependency;
			package = 6C4D99E32F365E1700E93BF0 /* XCRemoteSwiftPackageReference "lottie-ios" */;
			productName = Lottie;
		};
		6CA30403301A000100000001 /* FacebookCore */ = {
			isa = XCSwiftPackageProductDependency;
			package = 6CA30402301A000100000001 /* XCRemoteSwiftPackageReference "facebook-ios-sdk" */;
			productName = FacebookCore;
		};
		6CA30903301B000100000001 /* AmplitudeSwift */ = {
			isa = XCSwiftPackageProductDependency;
			package = 6CA30902301B000100000001 /* XCRemoteSwiftPackageReference "Amplitude-Swift" */;
			productName = AmplitudeSwift;
		};
/* End XCSwiftPackageProductDependency section */
	};
	rootObject = 6C4998D52EF7EF62006BE1DB /* Project object */;
}
